
Microsoft Visual Studio Solution File, Format Version 12.00
# Visual Studio Version 16
VisualStudioVersion = 16.0.29728.190
MinimumVisualStudioVersion = 10.0.40219.1
Project("{FAE04EC0-301F-11D3-BF4B-00C04F79EFBC}") = "Assignment1", "Assignment1.csproj", "{D31D2824-48EA-4082-9C43-A4053F2C3C74}"
EndProject
Global
	GlobalSection(SolutionConfigurationPlatforms) = preSolution
		Debug|Any CPU = Debug|Any CPU
		Release|Any CPU = Release|Any CPU
	EndGlobalSection
	GlobalSection(ProjectConfigurationPlatforms) = postSolution
		{D31D2824-48EA-4082-9C43-A4053F2C3C74}.Debug|Any CPU.ActiveCfg = Debug|Any CPU
		{D31D2824-48EA-4082-9C43-A4053F2C3C74}.Debug|Any CPU.Build.0 = Debug|Any CPU
		{D31D2824-48EA-4082-9C43-A4053F2C3C74}.Release|Any CPU.ActiveCfg = Release|Any CPU
		{D31D2824-48EA-4082-9C43-A4053F2C3C74}.Release|Any CPU.Build.0 = Release|Any CPU
	EndGlobalSection
	GlobalSection(SolutionProperties) = preSolution
		HideSolutionNode = FALSE
	EndGlobalSection
	GlobalSection(ExtensibilityGlobals) = postSolution
		SolutionGuid = {387C946C-4A47-4AF0-825F-0DE486C2AF0C}
	EndGlobalSection
EndGlobal
